
Microsoft Visual Studio Solution File, Format Version 12.00
# Visual Studio Version 17
VisualStudioVersion = 17.11.35327.3
MinimumVisualStudioVersion = 10.0.40219.1
Project("{8BC9CEB8-8B4A-11D0-8D11-00A0C91BC942}") = "Task7", "Task7.vcxproj", "{D63E9D3E-255D-459F-A3C1-D2029F35A0EE}"
EndProject
Global
	GlobalSection(SolutionConfigurationPlatforms) = preSolution
		Debug|x64 = Debug|x64
		Debug|x86 = Debug|x86
		Release|x64 = Release|x64
		Release|x86 = Release|x86
	EndGlobalSection
	GlobalSection(ProjectConfigurationPlatforms) = postSolution
		{D63E9D3E-255D-459F-A3C1-D2029F35A0EE}.Debug|x64.ActiveCfg = Debug|x64
		{D63E9D3E-255D-459F-A3C1-D2029F35A0EE}.Debug|x64.Build.0 = Debug|x64
		{D63E9D3E-255D-459F-A3C1-D2029F35A0EE}.Debug|x86.ActiveCfg = Debug|Win32
		{D63E9D3E-255D-459F-A3C1-D2029F35A0EE}.Debug|x86.Build.0 = Debug|Win32
		{D63E9D3E-255D-459F-A3C1-D2029F35A0EE}.Release|x64.ActiveCfg = Release|x64
		{D63E9D3E-255D-459F-A3C1-D2029F35A0EE}.Release|x64.Build.0 = Release|x64
		{D63E9D3E-255D-459F-A3C1-D2029F35A0EE}.Release|x86.ActiveCfg = Release|Win32
		{D63E9D3E-255D-459F-A3C1-D2029F35A0EE}.Release|x86.Build.0 = Release|Win32
	EndGlobalSection
	GlobalSection(SolutionProperties) = preSolution
		HideSolutionNode = FALSE
	EndGlobalSection
	GlobalSection(ExtensibilityGlobals) = postSolution
		SolutionGuid = {2A45F001-9B36-4DF5-B276-80C6CB404C0A}
	EndGlobalSection
EndGlobal
